
Microsoft Visual Studio Solution File, Format Version 12.00
# Visual Studio Version 17
VisualStudioVersion = 17.6.33815.320
MinimumVisualStudioVersion = 10.0.40219.1
Project("{9A19103F-16F7-4668-BE54-9A1E7A4F7556}") = "BlazorBeerCssClient", "BlazorBeerCss\BlazorBeerCssClient.csproj", "{8BF06EB0-9A7F-483F-AB08-990C7F6CED5B}"
EndProject
Project("{9A19103F-16F7-4668-BE54-9A1E7A4F7556}") = "BlazorBeerCssLibrary", "BlazorBeerCssLibrary\BlazorBeerCssLibrary.csproj", "{EC5F70D2-9260-4CF9-AEB7-DD5B6FE33FE2}"
EndProject
Project("{2150E333-8FDC-42A3-9474-1A3956D46DE8}") = "Solution Items", "Solution Items", "{573D74D8-8C85-440D-A729-CC804DDCC8F5}"
	ProjectSection(SolutionItems) = preProject
		.gitignore = .gitignore
	EndProjectSection
EndProject
Global
	GlobalSection(SolutionConfigurationPlatforms) = preSolution
		Debug|Any CPU = Debug|Any CPU
		Release|Any CPU = Release|Any CPU
	EndGlobalSection
	GlobalSection(ProjectConfigurationPlatforms) = postSolution
		{8BF06EB0-9A7F-483F-AB08-990C7F6CED5B}.Debug|Any CPU.ActiveCfg = Debug|Any CPU
		{8BF06EB0-9A7F-483F-AB08-990C7F6CED5B}.Debug|Any CPU.Build.0 = Debug|Any CPU
		{8BF06EB0-9A7F-483F-AB08-990C7F6CED5B}.Release|Any CPU.ActiveCfg = Release|Any CPU
		{8BF06EB0-9A7F-483F-AB08-990C7F6CED5B}.Release|Any CPU.Build.0 = Release|Any CPU
		{EC5F70D2-9260-4CF9-AEB7-DD5B6FE33FE2}.Debug|Any CPU.ActiveCfg = Debug|Any CPU
		{EC5F70D2-9260-4CF9-AEB7-DD5B6FE33FE2}.Debug|Any CPU.Build.0 = Debug|Any CPU
		{EC5F70D2-9260-4CF9-AEB7-DD5B6FE33FE2}.Release|Any CPU.ActiveCfg = Release|Any CPU
		{EC5F70D2-9260-4CF9-AEB7-DD5B6FE33FE2}.Release|Any CPU.Build.0 = Release|Any CPU
	EndGlobalSection
	GlobalSection(SolutionProperties) = preSolution
		HideSolutionNode = FALSE
	EndGlobalSection
	GlobalSection(ExtensibilityGlobals) = postSolution
		SolutionGuid = {DAE88CB2-535E-458A-B9D1-B97030F97ED7}
	EndGlobalSection
EndGlobal
